
Microsoft Visual Studio Solution File, Format Version 12.00
# Visual Studio 15
VisualStudioVersion = 15.0.26730.10
MinimumVisualStudioVersion = 10.0.40219.1
Project("{FAE04EC0-301F-11D3-BF4B-00C04F79EFBC}") = "ReverseNumWithStack", "LDS_Stacks_Queues\ReverseNumWithStack.csproj", "{7137D384-51C7-4910-BBB1-0811260BD898}"
EndProject
Project("{FAE04EC0-301F-11D3-BF4B-00C04F79EFBC}") = "CalculateSequenceWithQueue", "CalculateSequenceWithQueue\CalculateSequenceWithQueue.csproj", "{6850FD30-9ACD-4AC6-BD74-E8A508F2881B}"
EndProject
Project("{FAE04EC0-301F-11D3-BF4B-00C04F79EFBC}") = "Array-Based-Stack", "Array-Based-Stack\Array-Based-Stack.csproj", "{1071012F-FE0B-4208-A3A7-0D834B5F31FC}"
EndProject
Project("{FAE04EC0-301F-11D3-BF4B-00C04F79EFBC}") = "LinkedStack", "LinkedStack\LinkedStack.csproj", "{39730C17-52BD-47CE-8224-E3AE0F7C752E}"
EndProject
Project("{FAE04EC0-301F-11D3-BF4B-00C04F79EFBC}") = "LinkedQueue", "LinkedQueue\LinkedQueue.csproj", "{8B08FE06-9C05-4E1A-9A48-AAF64306F493}"
EndProject
Project("{FAE04EC0-301F-11D3-BF4B-00C04F79EFBC}") = "MatchingBrackets", "MatchingBrackets\MatchingBrackets.csproj", "{181D2C71-7BA9-43EA-AB16-8A365AE752AC}"
EndProject
Project("{FAE04EC0-301F-11D3-BF4B-00C04F79EFBC}") = "ArrayLinkedStack", "ArrayLinkedStack\ArrayLinkedStack.csproj", "{78EDD4C0-2093-4BB1-B2BC-C5721AE8B9B1}"
EndProject
Project("{FAE04EC0-301F-11D3-BF4B-00C04F79EFBC}") = "SequenceNM", "SequenceNM\SequenceNM.csproj", "{6046F0C8-E358-4345-9A32-C223C651D3EF}"
EndProject
Global
	GlobalSection(SolutionConfigurationPlatforms) = preSolution
		Debug|Any CPU = Debug|Any CPU
		Release|Any CPU = Release|Any CPU
	EndGlobalSection
	GlobalSection(ProjectConfigurationPlatforms) = postSolution
		{7137D384-51C7-4910-BBB1-0811260BD898}.Debug|Any CPU.ActiveCfg = Debug|Any CPU
		{7137D384-51C7-4910-BBB1-0811260BD898}.Debug|Any CPU.Build.0 = Debug|Any CPU
		{7137D384-51C7-4910-BBB1-0811260BD898}.Release|Any CPU.ActiveCfg = Release|Any CPU
		{7137D384-51C7-4910-BBB1-0811260BD898}.Release|Any CPU.Build.0 = Release|Any CPU
		{6850FD30-9ACD-4AC6-BD74-E8A508F2881B}.Debug|Any CPU.ActiveCfg = Debug|Any CPU
		{6850FD30-9ACD-4AC6-BD74-E8A508F2881B}.Debug|Any CPU.Build.0 = Debug|Any CPU
		{6850FD30-9ACD-4AC6-BD74-E8A508F2881B}.Release|Any CPU.ActiveCfg = Release|Any CPU
		{6850FD30-9ACD-4AC6-BD74-E8A508F2881B}.Release|Any CPU.Build.0 = Release|Any CPU
		{1071012F-FE0B-4208-A3A7-0D834B5F31FC}.Debug|Any CPU.ActiveCfg = Debug|Any CPU
		{1071012F-FE0B-4208-A3A7-0D834B5F31FC}.Debug|Any CPU.Build.0 = Debug|Any CPU
		{1071012F-FE0B-4208-A3A7-0D834B5F31FC}.Release|Any CPU.ActiveCfg = Release|Any CPU
		{1071012F-FE0B-4208-A3A7-0D834B5F31FC}.Release|Any CPU.Build.0 = Release|Any CPU
		{39730C17-52BD-47CE-8224-E3AE0F7C752E}.Debug|Any CPU.ActiveCfg = Debug|Any CPU
		{39730C17-52BD-47CE-8224-E3AE0F7C752E}.Debug|Any CPU.Build.0 = Debug|Any CPU
		{39730C17-52BD-47CE-8224-E3AE0F7C752E}.Release|Any CPU.ActiveCfg = Release|Any CPU
		{39730C17-52BD-47CE-8224-E3AE0F7C752E}.Release|Any CPU.Build.0 = Release|Any CPU
		{8B08FE06-9C05-4E1A-9A48-AAF64306F493}.Debug|Any CPU.ActiveCfg = Debug|Any CPU
		{8B08FE06-9C05-4E1A-9A48-AAF64306F493}.Debug|Any CPU.Build.0 = Debug|Any CPU
		{8B08FE06-9C05-4E1A-9A48-AAF64306F493}.Release|Any CPU.ActiveCfg = Release|Any CPU
		{8B08FE06-9C05-4E1A-9A48-AAF64306F493}.Release|Any CPU.Build.0 = Release|Any CPU
		{181D2C71-7BA9-43EA-AB16-8A365AE752AC}.Debug|Any CPU.ActiveCfg = Debug|Any CPU
		{181D2C71-7BA9-43EA-AB16-8A365AE752AC}.Debug|Any CPU.Build.0 = Debug|Any CPU
		{181D2C71-7BA9-43EA-AB16-8A365AE752AC}.Release|Any CPU.ActiveCfg = Release|Any CPU
		{181D2C71-7BA9-43EA-AB16-8A365AE752AC}.Release|Any CPU.Build.0 = Release|Any CPU
		{78EDD4C0-2093-4BB1-B2BC-C5721AE8B9B1}.Debug|Any CPU.ActiveCfg = Debug|Any CPU
		{78EDD4C0-2093-4BB1-B2BC-C5721AE8B9B1}.Debug|Any CPU.Build.0 = Debug|Any CPU
		{78EDD4C0-2093-4BB1-B2BC-C5721AE8B9B1}.Release|Any CPU.ActiveCfg = Release|Any CPU
		{78EDD4C0-2093-4BB1-B2BC-C5721AE8B9B1}.Release|Any CPU.Build.0 = Release|Any CPU
		{6046F0C8-E358-4345-9A32-C223C651D3EF}.Debug|Any CPU.ActiveCfg = Debug|Any CPU
		{6046F0C8-E358-4345-9A32-C223C651D3EF}.Debug|Any CPU.Build.0 = Debug|Any CPU
		{6046F0C8-E358-4345-9A32-C223C651D3EF}.Release|Any CPU.ActiveCfg = Release|Any CPU
		{6046F0C8-E358-4345-9A32-C223C651D3EF}.Release|Any CPU.Build.0 = Release|Any CPU
	EndGlobalSection
	GlobalSection(SolutionProperties) = preSolution
		HideSolutionNode = FALSE
	EndGlobalSection
	GlobalSection(ExtensibilityGlobals) = postSolution
		SolutionGuid = {26EB3C79-C83A-4DFE-8425-24DC904B2958}
	EndGlobalSection
EndGlobal
